
Microsoft Visual Studio Solution File, Format Version 12.00
# Visual Studio Version 17
VisualStudioVersion = 17.9.34622.214
MinimumVisualStudioVersion = 10.0.40219.1
Project("{FAE04EC0-301F-11D3-BF4B-00C04F79EFBC}") = "DuAnMau", "DuAnMau\DuAnMau.csproj", "{BD0D9E6B-28FC-4DAE-8668-4A5C0588AEE1}"
EndProject
Global
	GlobalSection(SolutionConfigurationPlatforms) = preSolution
		Debug|Any CPU = Debug|Any CPU
		Release|Any CPU = Release|Any CPU
	EndGlobalSection
	GlobalSection(ProjectConfigurationPlatforms) = postSolution
		{BD0D9E6B-28FC-4DAE-8668-4A5C0588AEE1}.Debug|Any CPU.ActiveCfg = Debug|Any CPU
		{BD0D9E6B-28FC-4DAE-8668-4A5C0588AEE1}.Debug|Any CPU.Build.0 = Debug|Any CPU
		{BD0D9E6B-28FC-4DAE-8668-4A5C0588AEE1}.Release|Any CPU.ActiveCfg = Release|Any CPU
		{BD0D9E6B-28FC-4DAE-8668-4A5C0588AEE1}.Release|Any CPU.Build.0 = Release|Any CPU
	EndGlobalSection
	GlobalSection(SolutionProperties) = preSolution
		HideSolutionNode = FALSE
	EndGlobalSection
	GlobalSection(ExtensibilityGlobals) = postSolution
		SolutionGuid = {8B867364-8911-4481-A313-EEF15B9EF225}
	EndGlobalSection
EndGlobal
